
Microsoft Visual Studio Solution File, Format Version 12.00
# Visual Studio 15
VisualStudioVersion = 15.0.27004.2010
MinimumVisualStudioVersion = 10.0.40219.1
Project("{FAE04EC0-301F-11D3-BF4B-00C04F79EFBC}") = "DisconnectionLevelAdoNet", "DisconnectionLevelAdoNet\DisconnectionLevelAdoNet.csproj", "{320C8C40-163A-4F52-9930-5ECF2FF0EF7A}"
EndProject
Global
	GlobalSection(SolutionConfigurationPlatforms) = preSolution
		Debug|Any CPU = Debug|Any CPU
		Release|Any CPU = Release|Any CPU
	EndGlobalSection
	GlobalSection(ProjectConfigurationPlatforms) = postSolution
		{320C8C40-163A-4F52-9930-5ECF2FF0EF7A}.Debug|Any CPU.ActiveCfg = Debug|Any CPU
		{320C8C40-163A-4F52-9930-5ECF2FF0EF7A}.Debug|Any CPU.Build.0 = Debug|Any CPU
		{320C8C40-163A-4F52-9930-5ECF2FF0EF7A}.Release|Any CPU.ActiveCfg = Release|Any CPU
		{320C8C40-163A-4F52-9930-5ECF2FF0EF7A}.Release|Any CPU.Build.0 = Release|Any CPU
	EndGlobalSection
	GlobalSection(SolutionProperties) = preSolution
		HideSolutionNode = FALSE
	EndGlobalSection
	GlobalSection(ExtensibilityGlobals) = postSolution
		SolutionGuid = {B9D0E55E-E5BA-48A1-BF62-44D8D8CDEEA0}
	EndGlobalSection
EndGlobal
